// !$*UTF8*$!
{
	archiveVersion = 1;
	classes = {
	};
	objectVersion = 56;
	objects = {

/* Begin PBXBuildFile section */
		0313F7642AF9D6C400AD9484 /* AppDelegate.swift in Sources */ = {isa = PBXBuildFile; fileRef = 0313F7632AF9D6C400AD9484 /* AppDelegate.swift */; };
		0313F7662AF9D6C400AD9484 /* SceneDelegate.swift in Sources */ = {isa = PBXBuildFile; fileRef = 0313F7652AF9D6C400AD9484 /* SceneDelegate.swift */; };
		0313F76D2AF9D6C500AD9484 /* Assets.xcassets in Resources */ = {isa = PBXBuildFile; fileRef = 0313F76C2AF9D6C500AD9484 /* Assets.xcassets */; };
		0313F7702AF9D6C500AD9484 /* LaunchScreen.storyboard in Resources */ = {isa = PBXBuildFile; fileRef = 0313F76E2AF9D6C500AD9484 /* LaunchScreen.storyboard */; };
		037EB5B62AFC0C82006E8FA5 /* UserServiceTest.swift in Sources */ = {isa = PBXBuildFile; fileRef = 037EB5B52AFC0C82006E8FA5 /* UserServiceTest.swift */; };
		037EB5B82AFC0FC7006E8FA5 /* MockAPIClient.swift in Sources */ = {isa = PBXBuildFile; fileRef = 037EB5B72AFC0FC7006E8FA5 /* MockAPIClient.swift */; };
		037EB5BA2AFC14B1006E8FA5 /* PostServiceTest.swift in Sources */ = {isa = PBXBuildFile; fileRef = 037EB5B92AFC14B1006E8FA5 /* PostServiceTest.swift */; };
		037EB5BC2AFC2822006E8FA5 /* LoginViewModel.swift in Sources */ = {isa = PBXBuildFile; fileRef = 037EB5BB2AFC2822006E8FA5 /* LoginViewModel.swift */; };
		037EB5BE2AFC2CAA006E8FA5 /* LoginViewModelTest.swift in Sources */ = {isa = PBXBuildFile; fileRef = 037EB5BD2AFC2CAA006E8FA5 /* LoginViewModelTest.swift */; };
		037EB5C12AFC2FDC006E8FA5 /* CreatePostViewModel.swift in Sources */ = {isa = PBXBuildFile; fileRef = 037EB5C02AFC2FDC006E8FA5 /* CreatePostViewModel.swift */; };
		037EB5C32AFC31DD006E8FA5 /* UserDefaultLayer.swift in Sources */ = {isa = PBXBuildFile; fileRef = 037EB5C22AFC31DD006E8FA5 /* UserDefaultLayer.swift */; };
		037EB5CB2AFC3CFA006E8FA5 /* Model.xcdatamodeld in Sources */ = {isa = PBXBuildFile; fileRef = 037EB5C92AFC3CFA006E8FA5 /* Model.xcdatamodeld */; };
		037EB5CD2AFC3D48006E8FA5 /* CoreDataManager.swift in Sources */ = {isa = PBXBuildFile; fileRef = 037EB5CC2AFC3D48006E8FA5 /* CoreDataManager.swift */; };
		037EB5CF2AFC3F91006E8FA5 /* HomeVIewModel.swift in Sources */ = {isa = PBXBuildFile; fileRef = 037EB5CE2AFC3F91006E8FA5 /* HomeVIewModel.swift */; };
		037EB5D12AFC453C006E8FA5 /* Project.swift in Sources */ = {isa = PBXBuildFile; fileRef = 037EB5D02AFC453C006E8FA5 /* Project.swift */; };
		037EB5D32AFC52C4006E8FA5 /* UserDefautsLayerTests.swift in Sources */ = {isa = PBXBuildFile; fileRef = 037EB5D22AFC52C4006E8FA5 /* UserDefautsLayerTests.swift */; };
		03C297B12AFB373A0033E437 /* ProjectCollectionViewCell.swift in Sources */ = {isa = PBXBuildFile; fileRef = 03C297AF2AFB373A0033E437 /* ProjectCollectionViewCell.swift */; };
		03C297B22AFB373A0033E437 /* ProjectCollectionViewCell.xib in Resources */ = {isa = PBXBuildFile; fileRef = 03C297B02AFB373A0033E437 /* ProjectCollectionViewCell.xib */; };
		03C928D82AFBD35B00E11424 /* APIClient.swift in Sources */ = {isa = PBXBuildFile; fileRef = 03C928D72AFBD35B00E11424 /* APIClient.swift */; };
		03C928DA2AFBD9D200E11424 /* APIClientTest.swift in Sources */ = {isa = PBXBuildFile; fileRef = 03C928D92AFBD9D200E11424 /* APIClientTest.swift */; };
		03C928DC2AFBDF6500E11424 /* Constants.swift in Sources */ = {isa = PBXBuildFile; fileRef = 03C928DB2AFBDF6500E11424 /* Constants.swift */; };
		03C928DE2AFBE16300E11424 /* User.swift in Sources */ = {isa = PBXBuildFile; fileRef = 03C928DD2AFBE16300E11424 /* User.swift */; };
		03C928E02AFBE51200E11424 /* PostService.swift in Sources */ = {isa = PBXBuildFile; fileRef = 03C928DF2AFBE51200E11424 /* PostService.swift */; };
		03C928E22AFBE52200E11424 /* UserService.swift in Sources */ = {isa = PBXBuildFile; fileRef = 03C928E12AFBE52200E11424 /* UserService.swift */; };
		03C928E52AFBE5E100E11424 /* Post.swift in Sources */ = {isa = PBXBuildFile; fileRef = 03C928E42AFBE5E100E11424 /* Post.swift */; };
		03E50B952AFAA26300BD7020 /* LoginViewController.swift in Sources */ = {isa = PBXBuildFile; fileRef = 03E50B932AFAA26300BD7020 /* LoginViewController.swift */; };
		03E50B962AFAA26400BD7020 /* LoginViewController.xib in Resources */ = {isa = PBXBuildFile; fileRef = 03E50B942AFAA26300BD7020 /* LoginViewController.xib */; };
		03E50B9A2AFABEBC00BD7020 /* Extensions.swift in Sources */ = {isa = PBXBuildFile; fileRef = 03E50B992AFABEBC00BD7020 /* Extensions.swift */; };
		03E50B9C2AFAE76300BD7020 /* TasksStoryboard.storyboard in Resources */ = {isa = PBXBuildFile; fileRef = 03E50B9B2AFAE76300BD7020 /* TasksStoryboard.storyboard */; };
		03E50B9E2AFAE7A400BD7020 /* RadialGradientVIew.swift in Sources */ = {isa = PBXBuildFile; fileRef = 03E50B9D2AFAE7A400BD7020 /* RadialGradientVIew.swift */; };
		03E50BA02AFAE7E700BD7020 /* HomeViewController.swift in Sources */ = {isa = PBXBuildFile; fileRef = 03E50B9F2AFAE7E700BD7020 /* HomeViewController.swift */; };
		03E50BAD2AFAF6F100BD7020 /* TaskTableViewCell.swift in Sources */ = {isa = PBXBuildFile; fileRef = 03E50BAB2AFAF6F100BD7020 /* TaskTableViewCell.swift */; };
		03E50BAE2AFAF6F100BD7020 /* TaskTableViewCell.xib in Resources */ = {isa = PBXBuildFile; fileRef = 03E50BAC2AFAF6F100BD7020 /* TaskTableViewCell.xib */; };
		70D14814F8639EA1DC27A117 /* Pods_PruebaBancom.framework in Frameworks */ = {isa = PBXBuildFile; fileRef = 3B6AF54FD9756B2DBEE78416 /* Pods_PruebaBancom.framework */; };
		9E254DFFFC235C60F4FA4CC6 /* Pods_PruebaBancomTests.framework in Frameworks */ = {isa = PBXBuildFile; fileRef = AE9DA1920846A6A8F05D33AA /* Pods_PruebaBancomTests.framework */; };
/* End PBXBuildFile section */

/* Begin PBXContainerItemProxy section */
		0313F7772AF9D6C600AD9484 /* PBXContainerItemProxy */ = {
			isa = PBXContainerItemProxy;
			containerPortal = 0313F7582AF9D6C400AD9484 /* Project object */;
			proxyType = 1;
			remoteGlobalIDString = 0313F75F2AF9D6C400AD9484;
			remoteInfo = PruebaBancom;
		};
/* End PBXContainerItemProxy section */

/* Begin PBXFileReference section */
		0313F7602AF9D6C400AD9484 /* PruebaBancom.app */ = {isa = PBXFileReference; explicitFileType = wrapper.application; includeInIndex = 0; path = PruebaBancom.app; sourceTree = BUILT_PRODUCTS_DIR; };
		0313F7632AF9D6C400AD9484 /* AppDelegate.swift */ = {isa = PBXFileReference; lastKnownFileType = sourcecode.swift; path = AppDelegate.swift; sourceTree = "<group>"; };
		0313F7652AF9D6C400AD9484 /* SceneDelegate.swift */ = {isa = PBXFileReference; lastKnownFileType = sourcecode.swift; path = SceneDelegate.swift; sourceTree = "<group>"; };
		0313F76C2AF9D6C500AD9484 /* Assets.xcassets */ = {isa = PBXFileReference; lastKnownFileType = folder.assetcatalog; path = Assets.xcassets; sourceTree = "<group>"; };
		0313F76F2AF9D6C500AD9484 /* Base */ = {isa = PBXFileReference; lastKnownFileType = file.storyboard; name = Base; path = Base.lproj/LaunchScreen.storyboard; sourceTree = "<group>"; };
		0313F7712AF9D6C500AD9484 /* Info.plist */ = {isa = PBXFileReference; lastKnownFileType = text.plist.xml; path = Info.plist; sourceTree = "<group>"; };
		0313F7762AF9D6C600AD9484 /* PruebaBancomTests.xctest */ = {isa = PBXFileReference; explicitFileType = wrapper.cfbundle; includeInIndex = 0; path = PruebaBancomTests.xctest; sourceTree = BUILT_PRODUCTS_DIR; };
		037EB5B52AFC0C82006E8FA5 /* UserServiceTest.swift */ = {isa = PBXFileReference; lastKnownFileType = sourcecode.swift; path = UserServiceTest.swift; sourceTree = "<group>"; };
		037EB5B72AFC0FC7006E8FA5 /* MockAPIClient.swift */ = {isa = PBXFileReference; lastKnownFileType = sourcecode.swift; path = MockAPIClient.swift; sourceTree = "<group>"; };
		037EB5B92AFC14B1006E8FA5 /* PostServiceTest.swift */ = {isa = PBXFileReference; lastKnownFileType = sourcecode.swift; path = PostServiceTest.swift; sourceTree = "<group>"; };
		037EB5BB2AFC2822006E8FA5 /* LoginViewModel.swift */ = {isa = PBXFileReference; lastKnownFileType = sourcecode.swift; path = LoginViewModel.swift; sourceTree = "<group>"; };
		037EB5BD2AFC2CAA006E8FA5 /* LoginViewModelTest.swift */ = {isa = PBXFileReference; lastKnownFileType = sourcecode.swift; path = LoginViewModelTest.swift; sourceTree = "<group>"; };
		037EB5C02AFC2FDC006E8FA5 /* CreatePostViewModel.swift */ = {isa = PBXFileReference; lastKnownFileType = sourcecode.swift; path = CreatePostViewModel.swift; sourceTree = "<group>"; };
		037EB5C22AFC31DD006E8FA5 /* UserDefaultLayer.swift */ = {isa = PBXFileReference; lastKnownFileType = sourcecode.swift; path = UserDefaultLayer.swift; sourceTree = "<group>"; };
		037EB5CA2AFC3CFA006E8FA5 /* Model.xcdatamodel */ = {isa = PBXFileReference; lastKnownFileType = wrapper.xcdatamodel; path = Model.xcdatamodel; sourceTree = "<group>"; };
		037EB5CC2AFC3D48006E8FA5 /* CoreDataManager.swift */ = {isa = PBXFileReference; lastKnownFileType = sourcecode.swift; path = CoreDataManager.swift; sourceTree = "<group>"; };
		037EB5CE2AFC3F91006E8FA5 /* HomeVIewModel.swift */ = {isa = PBXFileReference; lastKnownFileType = sourcecode.swift; path = HomeVIewModel.swift; sourceTree = "<group>"; };
		037EB5D02AFC453C006E8FA5 /* Project.swift */ = {isa = PBXFileReference; lastKnownFileType = sourcecode.swift; path = Project.swift; sourceTree = "<group>"; };
		037EB5D22AFC52C4006E8FA5 /* UserDefautsLayerTests.swift */ = {isa = PBXFileReference; lastKnownFileType = sourcecode.swift; path = UserDefautsLayerTests.swift; sourceTree = "<group>"; };
		03C297AF2AFB373A0033E437 /* ProjectCollectionViewCell.swift */ = {isa = PBXFileReference; lastKnownFileType = sourcecode.swift; path = ProjectCollectionViewCell.swift; sourceTree = "<group>"; };
		03C297B02AFB373A0033E437 /* ProjectCollectionViewCell.xib */ = {isa = PBXFileReference; lastKnownFileType = file.xib; path = ProjectCollectionViewCell.xib; sourceTree = "<group>"; };
		03C928D72AFBD35B00E11424 /* APIClient.swift */ = {isa = PBXFileReference; lastKnownFileType = sourcecode.swift; path = APIClient.swift; sourceTree = "<group>"; };
		03C928D92AFBD9D200E11424 /* APIClientTest.swift */ = {isa = PBXFileReference; lastKnownFileType = sourcecode.swift; path = APIClientTest.swift; sourceTree = "<group>"; };
		03C928DB2AFBDF6500E11424 /* Constants.swift */ = {isa = PBXFileReference; lastKnownFileType = sourcecode.swift; path = Constants.swift; sourceTree = "<group>"; };
		03C928DD2AFBE16300E11424 /* User.swift */ = {isa = PBXFileReference; lastKnownFileType = sourcecode.swift; path = User.swift; sourceTree = "<group>"; };
		03C928DF2AFBE51200E11424 /* PostService.swift */ = {isa = PBXFileReference; lastKnownFileType = sourcecode.swift; path = PostService.swift; sourceTree = "<group>"; };
		03C928E12AFBE52200E11424 /* UserService.swift */ = {isa = PBXFileReference; lastKnownFileType = sourcecode.swift; path = UserService.swift; sourceTree = "<group>"; };
		03C928E42AFBE5E100E11424 /* Post.swift */ = {isa = PBXFileReference; lastKnownFileType = sourcecode.swift; path = Post.swift; sourceTree = "<group>"; };
		03E50B932AFAA26300BD7020 /* LoginViewController.swift */ = {isa = PBXFileReference; lastKnownFileType = sourcecode.swift; path = LoginViewController.swift; sourceTree = "<group>"; };
		03E50B942AFAA26300BD7020 /* LoginViewController.xib */ = {isa = PBXFileReference; lastKnownFileType = file.xib; path = LoginViewController.xib; sourceTree = "<group>"; };
		03E50B992AFABEBC00BD7020 /* Extensions.swift */ = {isa = PBXFileReference; lastKnownFileType = sourcecode.swift; path = Extensions.swift; sourceTree = "<group>"; };
		03E50B9B2AFAE76300BD7020 /* TasksStoryboard.storyboard */ = {isa = PBXFileReference; lastKnownFileType = file.storyboard; path = TasksStoryboard.storyboard; sourceTree = "<group>"; };
		03E50B9D2AFAE7A400BD7020 /* RadialGradientVIew.swift */ = {isa = PBXFileReference; lastKnownFileType = sourcecode.swift; path = RadialGradientVIew.swift; sourceTree = "<group>"; };
		03E50B9F2AFAE7E700BD7020 /* HomeViewController.swift */ = {isa = PBXFileReference; lastKnownFileType = sourcecode.swift; path = HomeViewController.swift; sourceTree = "<group>"; };
		03E50BAB2AFAF6F100BD7020 /* TaskTableViewCell.swift */ = {isa = PBXFileReference; lastKnownFileType = sourcecode.swift; path = TaskTableViewCell.swift; sourceTree = "<group>"; };
		03E50BAC2AFAF6F100BD7020 /* TaskTableViewCell.xib */ = {isa = PBXFileReference; lastKnownFileType = file.xib; path = TaskTableViewCell.xib; sourceTree = "<group>"; };
		0F775F19731CF873882FB884 /* Pods-PruebaBancomTests.release.xcconfig */ = {isa = PBXFileReference; includeInIndex = 1; lastKnownFileType = text.xcconfig; name = "Pods-PruebaBancomTests.release.xcconfig"; path = "Target Support Files/Pods-PruebaBancomTests/Pods-PruebaBancomTests.release.xcconfig"; sourceTree = "<group>"; };
		163988D8FE1FA7F25CCC7F80 /* Pods-PruebaBancom-PruebaBancomUITests.release.xcconfig */ = {isa = PBXFileReference; includeInIndex = 1; lastKnownFileType = text.xcconfig; name = "Pods-PruebaBancom-PruebaBancomUITests.release.xcconfig"; path = "Target Support Files/Pods-PruebaBancom-PruebaBancomUITests/Pods-PruebaBancom-PruebaBancomUITests.release.xcconfig"; sourceTree = "<group>"; };
		3B6AF54FD9756B2DBEE78416 /* Pods_PruebaBancom.framework */ = {isa = PBXFileReference; explicitFileType = wrapper.framework; includeInIndex = 0; path = Pods_PruebaBancom.framework; sourceTree = BUILT_PRODUCTS_DIR; };
		488D2C7E34DF74294C4F2F1D /* Pods_PruebaBancom_PruebaBancomUITests.framework */ = {isa = PBXFileReference; explicitFileType = wrapper.framework; includeInIndex = 0; path = Pods_PruebaBancom_PruebaBancomUITests.framework; sourceTree = BUILT_PRODUCTS_DIR; };
		5B29F5C793BBFA8F6ADEAA80 /* Pods-PruebaBancomTests.debug.xcconfig */ = {isa = PBXFileReference; includeInIndex = 1; lastKnownFileType = text.xcconfig; name = "Pods-PruebaBancomTests.debug.xcconfig"; path = "Target Support Files/Pods-PruebaBancomTests/Pods-PruebaBancomTests.debug.xcconfig"; sourceTree = "<group>"; };
		A768FCFED31DB49651815397 /* Pods-PruebaBancom.release.xcconfig */ = {isa = PBXFileReference; includeInIndex = 1; lastKnownFileType = text.xcconfig; name = "Pods-PruebaBancom.release.xcconfig"; path = "Target Support Files/Pods-PruebaBancom/Pods-PruebaBancom.release.xcconfig"; sourceTree = "<group>"; };
		AE9DA1920846A6A8F05D33AA /* Pods_PruebaBancomTests.framework */ = {isa = PBXFileReference; explicitFileType = wrapper.framework; includeInIndex = 0; path = Pods_PruebaBancomTests.framework; sourceTree = BUILT_PRODUCTS_DIR; };
		CD3EE864913B65813666EF9E /* Pods-PruebaBancom-PruebaBancomUITests.debug.xcconfig */ = {isa = PBXFileReference; includeInIndex = 1; lastKnownFileType = text.xcconfig; name = "Pods-PruebaBancom-PruebaBancomUITests.debug.xcconfig"; path = "Target Support Files/Pods-PruebaBancom-PruebaBancomUITests/Pods-PruebaBancom-PruebaBancomUITests.debug.xcconfig"; sourceTree = "<group>"; };
		D6CDD8D59EFA69719CCB7E21 /* Pods-PruebaBancom.debug.xcconfig */ = {isa = PBXFileReference; includeInIndex = 1; lastKnownFileType = text.xcconfig; name = "Pods-PruebaBancom.debug.xcconfig"; path = "Target Support Files/Pods-PruebaBancom/Pods-PruebaBancom.debug.xcconfig"; sourceTree = "<group>"; };
/* End PBXFileReference section */

/* Begin PBXFrameworksBuildPhase section */
		0313F75D2AF9D6C400AD9484 /* Frameworks */ = {
			isa = PBXFrameworksBuildPhase;
			buildActionMask = 2147483647;
			files = (
				70D14814F8639EA1DC27A117 /* Pods_PruebaBancom.framework in Frameworks */,
			);
			runOnlyForDeploymentPostprocessing = 0;
		};
		0313F7732AF9D6C600AD9484 /* Frameworks */ = {
			isa = PBXFrameworksBuildPhase;
			buildActionMask = 2147483647;
			files = (
				9E254DFFFC235C60F4FA4CC6 /* Pods_PruebaBancomTests.framework in Frameworks */,
			);
			runOnlyForDeploymentPostprocessing = 0;
		};
/* End PBXFrameworksBuildPhase section */

/* Begin PBXGroup section */
		0313F7572AF9D6C400AD9484 = {
			isa = PBXGroup;
			children = (
				037EB5C92AFC3CFA006E8FA5 /* Model.xcdatamodeld */,
				0313F7622AF9D6C400AD9484 /* PruebaBancom */,
				0313F7792AF9D6C600AD9484 /* PruebaBancomTests */,
				0313F7612AF9D6C400AD9484 /* Products */,
				29B7EFBA9181286F78059A91 /* Pods */,
				72390CFCB3D7706A170CAFBC /* Frameworks */,
			);
			sourceTree = "<group>";
		};
		0313F7612AF9D6C400AD9484 /* Products */ = {
			isa = PBXGroup;
			children = (
				0313F7602AF9D6C400AD9484 /* PruebaBancom.app */,
				0313F7762AF9D6C600AD9484 /* PruebaBancomTests.xctest */,
			);
			name = Products;
			sourceTree = "<group>";
		};
		0313F7622AF9D6C400AD9484 /* PruebaBancom */ = {
			isa = PBXGroup;
			children = (
				037EB5BF2AFC2FAA006E8FA5 /* ViewModel */,
				03C928E32AFBE5C700E11424 /* Models */,
				03C928D42AFBD32400E11424 /* NetWorking */,
				03C928D32AFBD2ED00E11424 /* Views */,
				03E50B992AFABEBC00BD7020 /* Extensions.swift */,
				0313F7632AF9D6C400AD9484 /* AppDelegate.swift */,
				0313F7652AF9D6C400AD9484 /* SceneDelegate.swift */,
				0313F76C2AF9D6C500AD9484 /* Assets.xcassets */,
				0313F76E2AF9D6C500AD9484 /* LaunchScreen.storyboard */,
				0313F7712AF9D6C500AD9484 /* Info.plist */,
				03E50B9D2AFAE7A400BD7020 /* RadialGradientVIew.swift */,
				03C928DB2AFBDF6500E11424 /* Constants.swift */,
				037EB5C22AFC31DD006E8FA5 /* UserDefaultLayer.swift */,
				037EB5CC2AFC3D48006E8FA5 /* CoreDataManager.swift */,
			);
			path = PruebaBancom;
			sourceTree = "<group>";
		};
		0313F7792AF9D6C600AD9484 /* PruebaBancomTests */ = {
			isa = PBXGroup;
			children = (
				03C928D92AFBD9D200E11424 /* APIClientTest.swift */,
				037EB5B52AFC0C82006E8FA5 /* UserServiceTest.swift */,
				037EB5B92AFC14B1006E8FA5 /* PostServiceTest.swift */,
				037EB5B72AFC0FC7006E8FA5 /* MockAPIClient.swift */,
				037EB5BD2AFC2CAA006E8FA5 /* LoginViewModelTest.swift */,
				037EB5D22AFC52C4006E8FA5 /* UserDefautsLayerTests.swift */,
			);
			path = PruebaBancomTests;
			sourceTree = "<group>";
		};
		037EB5BF2AFC2FAA006E8FA5 /* ViewModel */ = {
			isa = PBXGroup;
			children = (
				037EB5BB2AFC2822006E8FA5 /* LoginViewModel.swift */,
				037EB5C02AFC2FDC006E8FA5 /* CreatePostViewModel.swift */,
				037EB5CE2AFC3F91006E8FA5 /* HomeVIewModel.swift */,
			);
			path = ViewModel;
			sourceTree = "<group>";
		};
		03C928D32AFBD2ED00E11424 /* Views */ = {
			isa = PBXGroup;
			children = (
				03C297B02AFB373A0033E437 /* ProjectCollectionViewCell.xib */,
				03C297AF2AFB373A0033E437 /* ProjectCollectionViewCell.swift */,
				03E50BAB2AFAF6F100BD7020 /* TaskTableViewCell.swift */,
				03E50BAC2AFAF6F100BD7020 /* TaskTableViewCell.xib */,
				03E50B932AFAA26300BD7020 /* LoginViewController.swift */,
				03E50B9F2AFAE7E700BD7020 /* HomeViewController.swift */,
				03E50B9B2AFAE76300BD7020 /* TasksStoryboard.storyboard */,
				03E50B942AFAA26300BD7020 /* LoginViewController.xib */,
			);
			path = Views;
			sourceTree = "<group>";
		};
		03C928D42AFBD32400E11424 /* NetWorking */ = {
			isa = PBXGroup;
			children = (
				03C928D72AFBD35B00E11424 /* APIClient.swift */,
				03C928DF2AFBE51200E11424 /* PostService.swift */,
				03C928E12AFBE52200E11424 /* UserService.swift */,
			);
			path = NetWorking;
			sourceTree = "<group>";
		};
		03C928E32AFBE5C700E11424 /* Models */ = {
			isa = PBXGroup;
			children = (
				03C928DD2AFBE16300E11424 /* User.swift */,
				03C928E42AFBE5E100E11424 /* Post.swift */,
				037EB5D02AFC453C006E8FA5 /* Project.swift */,
			);
			path = Models;
			sourceTree = "<group>";
		};
		29B7EFBA9181286F78059A91 /* Pods */ = {
			isa = PBXGroup;
			children = (
				D6CDD8D59EFA69719CCB7E21 /* Pods-PruebaBancom.debug.xcconfig */,
				A768FCFED31DB49651815397 /* Pods-PruebaBancom.release.xcconfig */,
				CD3EE864913B65813666EF9E /* Pods-PruebaBancom-PruebaBancomUITests.debug.xcconfig */,
				163988D8FE1FA7F25CCC7F80 /* Pods-PruebaBancom-PruebaBancomUITests.release.xcconfig */,
				5B29F5C793BBFA8F6ADEAA80 /* Pods-PruebaBancomTests.debug.xcconfig */,
				0F775F19731CF873882FB884 /* Pods-PruebaBancomTests.release.xcconfig */,
			);
			path = Pods;
			sourceTree = "<group>";
		};
		72390CFCB3D7706A170CAFBC /* Frameworks */ = {
			isa = PBXGroup;
			children = (
				3B6AF54FD9756B2DBEE78416 /* Pods_PruebaBancom.framework */,
				488D2C7E34DF74294C4F2F1D /* Pods_PruebaBancom_PruebaBancomUITests.framework */,
				AE9DA1920846A6A8F05D33AA /* Pods_PruebaBancomTests.framework */,
			);
			name = Frameworks;
			sourceTree = "<group>";
		};
/* End PBXGroup section */

/* Begin PBXNativeTarget section */
		0313F75F2AF9D6C400AD9484 /* PruebaBancom */ = {
			isa = PBXNativeTarget;
			buildConfigurationList = 0313F78A2AF9D6C600AD9484 /* Build configuration list for PBXNativeTarget "PruebaBancom" */;
			buildPhases = (
				59AAF1119B713839E722320D /* [CP] Check Pods Manifest.lock */,
				0313F75C2AF9D6C400AD9484 /* Sources */,
				0313F75D2AF9D6C400AD9484 /* Frameworks */,
				0313F75E2AF9D6C400AD9484 /* Resources */,
				2C175447AAE0EAE7CC2993AF /* [CP] Embed Pods Frameworks */,
			);
			buildRules = (
			);
			dependencies = (
			);
			name = PruebaBancom;
			productName = PruebaBancom;
			productReference = 0313F7602AF9D6C400AD9484 /* PruebaBancom.app */;
			productType = "com.apple.product-type.application";
		};
		0313F7752AF9D6C600AD9484 /* PruebaBancomTests */ = {
			isa = PBXNativeTarget;
			buildConfigurationList = 0313F78D2AF9D6C600AD9484 /* Build configuration list for PBXNativeTarget "PruebaBancomTests" */;
			buildPhases = (
				958F5C2F9FB9057DF3D72E76 /* [CP] Check Pods Manifest.lock */,
				0313F7722AF9D6C600AD9484 /* Sources */,
				0313F7732AF9D6C600AD9484 /* Frameworks */,
				0313F7742AF9D6C600AD9484 /* Resources */,
			);
			buildRules = (
			);
			dependencies = (
				0313F7782AF9D6C600AD9484 /* PBXTargetDependency */,
			);
			name = PruebaBancomTests;
			productName = PruebaBancomTests;
			productReference = 0313F7762AF9D6C600AD9484 /* PruebaBancomTests.xctest */;
			productType = "com.apple.product-type.bundle.unit-test";
		};
/* End PBXNativeTarget section */

/* Begin PBXProject section */
		0313F7582AF9D6C400AD9484 /* Project object */ = {
			isa = PBXProject;
			attributes = {
				BuildIndependentTargetsInParallel = 1;
				LastSwiftUpdateCheck = 1430;
				LastUpgradeCheck = 1430;
				TargetAttributes = {
					0313F75F2AF9D6C400AD9484 = {
						CreatedOnToolsVersion = 14.3.1;
					};
					0313F7752AF9D6C600AD9484 = {
						CreatedOnToolsVersion = 14.3.1;
						TestTargetID = 0313F75F2AF9D6C400AD9484;
					};
				};
			};
			buildConfigurationList = 0313F75B2AF9D6C400AD9484 /* Build configuration list for PBXProject "PruebaBancom" */;
			compatibilityVersion = "Xcode 14.0";
			developmentRegion = en;
			hasScannedForEncodings = 0;
			knownRegions = (
				en,
				Base,
			);
			mainGroup = 0313F7572AF9D6C400AD9484;
			productRefGroup = 0313F7612AF9D6C400AD9484 /* Products */;
			projectDirPath = "";
			projectRoot = "";
			targets = (
				0313F75F2AF9D6C400AD9484 /* PruebaBancom */,
				0313F7752AF9D6C600AD9484 /* PruebaBancomTests */,
			);
		};
/* End PBXProject section */

/* Begin PBXResourcesBuildPhase section */
		0313F75E2AF9D6C400AD9484 /* Resources */ = {
			isa = PBXResourcesBuildPhase;
			buildActionMask = 2147483647;
			files = (
				03E50BAE2AFAF6F100BD7020 /* TaskTableViewCell.xib in Resources */,
				03C297B22AFB373A0033E437 /* ProjectCollectionViewCell.xib in Resources */,
				03E50B962AFAA26400BD7020 /* LoginViewController.xib in Resources */,
				03E50B9C2AFAE76300BD7020 /* TasksStoryboard.storyboard in Resources */,
				0313F7702AF9D6C500AD9484 /* LaunchScreen.storyboard in Resources */,
				0313F76D2AF9D6C500AD9484 /* Assets.xcassets in Resources */,
			);
			runOnlyForDeploymentPostprocessing = 0;
		};
		0313F7742AF9D6C600AD9484 /* Resources */ = {
			isa = PBXResourcesBuildPhase;
			buildActionMask = 2147483647;
			files = (
			);
			runOnlyForDeploymentPostprocessing = 0;
		};
/* End PBXResourcesBuildPhase section */

/* Begin PBXShellScriptBuildPhase section */
		2C175447AAE0EAE7CC2993AF /* [CP] Embed Pods Frameworks */ = {
			isa = PBXShellScriptBuildPhase;
			buildActionMask = 2147483647;
			files = (
			);
			inputFileListPaths = (
				"${PODS_ROOT}/Target Support Files/Pods-PruebaBancom/Pods-PruebaBancom-frameworks-${CONFIGURATION}-input-files.xcfilelist",
			);
			name = "[CP] Embed Pods Frameworks";
			outputFileListPaths = (
				"${PODS_ROOT}/Target Support Files/Pods-PruebaBancom/Pods-PruebaBancom-frameworks-${CONFIGURATION}-output-files.xcfilelist",
			);
			runOnlyForDeploymentPostprocessing = 0;
			shellPath = /bin/sh;
			shellScript = "\"${PODS_ROOT}/Target Support Files/Pods-PruebaBancom/Pods-PruebaBancom-frameworks.sh\"\n";
			showEnvVarsInLog = 0;
		};
		59AAF1119B713839E722320D /* [CP] Check Pods Manifest.lock */ = {
			isa = PBXShellScriptBuildPhase;
			buildActionMask = 2147483647;
			files = (
			);
			inputFileListPaths = (
			);
			inputPaths = (
				"${PODS_PODFILE_DIR_PATH}/Podfile.lock",
				"${PODS_ROOT}/Manifest.lock",
			);
			name = "[CP] Check Pods Manifest.lock";
			outputFileListPaths = (
			);
			outputPaths = (
				"$(DERIVED_FILE_DIR)/Pods-PruebaBancom-checkManifestLockResult.txt",
			);
			runOnlyForDeploymentPostprocessing = 0;
			shellPath = /bin/sh;
			shellScript = "diff \"${PODS_PODFILE_DIR_PATH}/Podfile.lock\" \"${PODS_ROOT}/Manifest.lock\" > /dev/null\nif [ $? != 0 ] ; then\n    # print error to STDERR\n    echo \"error: The sandbox is not in sync with the Podfile.lock. Run 'pod install' or update your CocoaPods installation.\" >&2\n    exit 1\nfi\n# This output is used by Xcode 'outputs' to avoid re-running this script phase.\necho \"SUCCESS\" > \"${SCRIPT_OUTPUT_FILE_0}\"\n";
			showEnvVarsInLog = 0;
		};
		958F5C2F9FB9057DF3D72E76 /* [CP] Check Pods Manifest.lock */ = {
			isa = PBXShellScriptBuildPhase;
			buildActionMask = 2147483647;
			files = (
			);
			inputFileListPaths = (
			);
			inputPaths = (
				"${PODS_PODFILE_DIR_PATH}/Podfile.lock",
				"${PODS_ROOT}/Manifest.lock",
			);
			name = "[CP] Check Pods Manifest.lock";
			outputFileListPaths = (
			);
			outputPaths = (
				"$(DERIVED_FILE_DIR)/Pods-PruebaBancomTests-checkManifestLockResult.txt",
			);
			runOnlyForDeploymentPostprocessing = 0;
			shellPath = /bin/sh;
			shellScript = "diff \"${PODS_PODFILE_DIR_PATH}/Podfile.lock\" \"${PODS_ROOT}/Manifest.lock\" > /dev/null\nif [ $? != 0 ] ; then\n    # print error to STDERR\n    echo \"error: The sandbox is not in sync with the Podfile.lock. Run 'pod install' or update your CocoaPods installation.\" >&2\n    exit 1\nfi\n# This output is used by Xcode 'outputs' to avoid re-running this script phase.\necho \"SUCCESS\" > \"${SCRIPT_OUTPUT_FILE_0}\"\n";
			showEnvVarsInLog = 0;
		};
/* End PBXShellScriptBuildPhase section */

/* Begin PBXSourcesBuildPhase section */
		0313F75C2AF9D6C400AD9484 /* Sources */ = {
			isa = PBXSourcesBuildPhase;
			buildActionMask = 2147483647;
			files = (
				037EB5C32AFC31DD006E8FA5 /* UserDefaultLayer.swift in Sources */,
				03C297B12AFB373A0033E437 /* ProjectCollectionViewCell.swift in Sources */,
				03E50BAD2AFAF6F100BD7020 /* TaskTableViewCell.swift in Sources */,
				03E50B9A2AFABEBC00BD7020 /* Extensions.swift in Sources */,
				03E50B952AFAA26300BD7020 /* LoginViewController.swift in Sources */,
				037EB5D12AFC453C006E8FA5 /* Project.swift in Sources */,
				037EB5CB2AFC3CFA006E8FA5 /* Model.xcdatamodeld in Sources */,
				0313F7642AF9D6C400AD9484 /* AppDelegate.swift in Sources */,
				037EB5CF2AFC3F91006E8FA5 /* HomeVIewModel.swift in Sources */,
				03C928E52AFBE5E100E11424 /* Post.swift in Sources */,
				03C928DC2AFBDF6500E11424 /* Constants.swift in Sources */,
				03C928E22AFBE52200E11424 /* UserService.swift in Sources */,
				037EB5BC2AFC2822006E8FA5 /* LoginViewModel.swift in Sources */,
				0313F7662AF9D6C400AD9484 /* SceneDelegate.swift in Sources */,
				037EB5C12AFC2FDC006E8FA5 /* CreatePostViewModel.swift in Sources */,
				03C928E02AFBE51200E11424 /* PostService.swift in Sources */,
				03E50BA02AFAE7E700BD7020 /* HomeViewController.swift in Sources */,
				03E50B9E2AFAE7A400BD7020 /* RadialGradientVIew.swift in Sources */,
				03C928D82AFBD35B00E11424 /* APIClient.swift in Sources */,
				037EB5CD2AFC3D48006E8FA5 /* CoreDataManager.swift in Sources */,
				03C928DE2AFBE16300E11424 /* User.swift in Sources */,
			);
			runOnlyForDeploymentPostprocessing = 0;
		};
		0313F7722AF9D6C600AD9484 /* Sources */ = {
			isa = PBXSourcesBuildPhase;
			buildActionMask = 2147483647;
			files = (
				037EB5B82AFC0FC7006E8FA5 /* MockAPIClient.swift in Sources */,
				037EB5B62AFC0C82006E8FA5 /* UserServiceTest.swift in Sources */,
				03C928DA2AFBD9D200E11424 /* APIClientTest.swift in Sources */,
				037EB5BE2AFC2CAA006E8FA5 /* LoginViewModelTest.swift in Sources */,
				037EB5BA2AFC14B1006E8FA5 /* PostServiceTest.swift in Sources */,
				037EB5D32AFC52C4006E8FA5 /* UserDefautsLayerTests.swift in Sources */,
			);
			runOnlyForDeploymentPostprocessing = 0;
		};
/* End PBXSourcesBuildPhase section */

/* Begin PBXTargetDependency section */
		0313F7782AF9D6C600AD9484 /* PBXTargetDependency */ = {
			isa = PBXTargetDependency;
			target = 0313F75F2AF9D6C400AD9484 /* PruebaBancom */;
			targetProxy = 0313F7772AF9D6C600AD9484 /* PBXContainerItemProxy */;
		};
/* End PBXTargetDependency section */

/* Begin PBXVariantGroup section */
		0313F76E2AF9D6C500AD9484 /* LaunchScreen.storyboard */ = {
			isa = PBXVariantGroup;
			children = (
				0313F76F2AF9D6C500AD9484 /* Base */,
			);
			name = LaunchScreen.storyboard;
			sourceTree = "<group>";
		};
/* End PBXVariantGroup section */

/* Begin XCBuildConfiguration section */
		0313F7882AF9D6C600AD9484 /* Debug */ = {
			isa = XCBuildConfiguration;
			buildSettings = {
				ALWAYS_SEARCH_USER_PATHS = NO;
				CLANG_ANALYZER_NONNULL = YES;
				CLANG_ANALYZER_NUMBER_OBJECT_CONVERSION = YES_AGGRESSIVE;
				CLANG_CXX_LANGUAGE_STANDARD = "gnu++20";
				CLANG_ENABLE_MODULES = YES;
				CLANG_ENABLE_OBJC_ARC = YES;
				CLANG_ENABLE_OBJC_WEAK = YES;
				CLANG_WARN_BLOCK_CAPTURE_AUTORELEASING = YES;
				CLANG_WARN_BOOL_CONVERSION = YES;
				CLANG_WARN_COMMA = YES;
				CLANG_WARN_CONSTANT_CONVERSION = YES;
				CLANG_WARN_DEPRECATED_OBJC_IMPLEMENTATIONS = YES;
				CLANG_WARN_DIRECT_OBJC_ISA_USAGE = YES_ERROR;
				CLANG_WARN_DOCUMENTATION_COMMENTS = YES;
				CLANG_WARN_EMPTY_BODY = YES;
				CLANG_WARN_ENUM_CONVERSION = YES;
				CLANG_WARN_INFINITE_RECURSION = YES;
				CLANG_WARN_INT_CONVERSION = YES;
				CLANG_WARN_NON_LITERAL_NULL_CONVERSION = YES;
				CLANG_WARN_OBJC_IMPLICIT_RETAIN_SELF = YES;
				CLANG_WARN_OBJC_LITERAL_CONVERSION = YES;
				CLANG_WARN_OBJC_ROOT_CLASS = YES_ERROR;
				CLANG_WARN_QUOTED_INCLUDE_IN_FRAMEWORK_HEADER = YES;
				CLANG_WARN_RANGE_LOOP_ANALYSIS = YES;
				CLANG_WARN_STRICT_PROTOTYPES = YES;
				CLANG_WARN_SUSPICIOUS_MOVE = YES;
				CLANG_WARN_UNGUARDED_AVAILABILITY = YES_AGGRESSIVE;
				CLANG_WARN_UNREACHABLE_CODE = YES;
				CLANG_WARN__DUPLICATE_METHOD_MATCH = YES;
				COPY_PHASE_STRIP = NO;
				DEBUG_INFORMATION_FORMAT = dwarf;
				ENABLE_STRICT_OBJC_MSGSEND = YES;
				ENABLE_TESTABILITY = YES;
				GCC_C_LANGUAGE_STANDARD = gnu11;
				GCC_DYNAMIC_NO_PIC = NO;
				GCC_NO_COMMON_BLOCKS = YES;
				GCC_OPTIMIZATION_LEVEL = 0;
				GCC_PREPROCESSOR_DEFINITIONS = (
					"DEBUG=1",
					"$(inherited)",
				);
				GCC_WARN_64_TO_32_BIT_CONVERSION = YES;
				GCC_WARN_ABOUT_RETURN_TYPE = YES_ERROR;
				GCC_WARN_UNDECLARED_SELECTOR = YES;
				GCC_WARN_UNINITIALIZED_AUTOS = YES_AGGRESSIVE;
				GCC_WARN_UNUSED_FUNCTION = YES;
				GCC_WARN_UNUSED_VARIABLE = YES;
				IPHONEOS_DEPLOYMENT_TARGET = 13.0;
				MTL_ENABLE_DEBUG_INFO = INCLUDE_SOURCE;
				MTL_FAST_MATH = YES;
				ONLY_ACTIVE_ARCH = YES;
				SDKROOT = iphoneos;
				SWIFT_ACTIVE_COMPILATION_CONDITIONS = DEBUG;
				SWIFT_OPTIMIZATION_LEVEL = "-Onone";
			};
			name = Debug;
		};
		0313F7892AF9D6C600AD9484 /* Release */ = {
			isa = XCBuildConfiguration;
			buildSettings = {
				ALWAYS_SEARCH_USER_PATHS = NO;
				CLANG_ANALYZER_NONNULL = YES;
				CLANG_ANALYZER_NUMBER_OBJECT_CONVERSION = YES_AGGRESSIVE;
				CLANG_CXX_LANGUAGE_STANDARD = "gnu++20";
				CLANG_ENABLE_MODULES = YES;
				CLANG_ENABLE_OBJC_ARC = YES;
				CLANG_ENABLE_OBJC_WEAK = YES;
				CLANG_WARN_BLOCK_CAPTURE_AUTORELEASING = YES;
				CLANG_WARN_BOOL_CONVERSION = YES;
				CLANG_WARN_COMMA = YES;
				CLANG_WARN_CONSTANT_CONVERSION = YES;
				CLANG_WARN_DEPRECATED_OBJC_IMPLEMENTATIONS = YES;
				CLANG_WARN_DIRECT_OBJC_ISA_USAGE = YES_ERROR;
				CLANG_WARN_DOCUMENTATION_COMMENTS = YES;
				CLANG_WARN_EMPTY_BODY = YES;
				CLANG_WARN_ENUM_CONVERSION = YES;
				CLANG_WARN_INFINITE_RECURSION = YES;
				CLANG_WARN_INT_CONVERSION = YES;
				CLANG_WARN_NON_LITERAL_NULL_CONVERSION = YES;
				CLANG_WARN_OBJC_IMPLICIT_RETAIN_SELF = YES;
				CLANG_WARN_OBJC_LITERAL_CONVERSION = YES;
				CLANG_WARN_OBJC_ROOT_CLASS = YES_ERROR;
				CLANG_WARN_QUOTED_INCLUDE_IN_FRAMEWORK_HEADER = YES;
				CLANG_WARN_RANGE_LOOP_ANALYSIS = YES;
				CLANG_WARN_STRICT_PROTOTYPES = YES;
				CLANG_WARN_SUSPICIOUS_MOVE = YES;
				CLANG_WARN_UNGUARDED_AVAILABILITY = YES_AGGRESSIVE;
				CLANG_WARN_UNREACHABLE_CODE = YES;
				CLANG_WARN__DUPLICATE_METHOD_MATCH = YES;
				COPY_PHASE_STRIP = NO;
				DEBUG_INFORMATION_FORMAT = "dwarf-with-dsym";
				ENABLE_NS_ASSERTIONS = NO;
				ENABLE_STRICT_OBJC_MSGSEND = YES;
				GCC_C_LANGUAGE_STANDARD = gnu11;
				GCC_NO_COMMON_BLOCKS = YES;
				GCC_WARN_64_TO_32_BIT_CONVERSION = YES;
				GCC_WARN_ABOUT_RETURN_TYPE = YES_ERROR;
				GCC_WARN_UNDECLARED_SELECTOR = YES;
				GCC_WARN_UNINITIALIZED_AUTOS = YES_AGGRESSIVE;
				GCC_WARN_UNUSED_FUNCTION = YES;
				GCC_WARN_UNUSED_VARIABLE = YES;
				IPHONEOS_DEPLOYMENT_TARGET = 13.0;
				MTL_ENABLE_DEBUG_INFO = NO;
				MTL_FAST_MATH = YES;
				SDKROOT = iphoneos;
				SWIFT_COMPILATION_MODE = wholemodule;
				SWIFT_OPTIMIZATION_LEVEL = "-O";
				VALIDATE_PRODUCT = YES;
			};
			name = Release;
		};
		0313F78B2AF9D6C600AD9484 /* Debug */ = {
			isa = XCBuildConfiguration;
			baseConfigurationReference = D6CDD8D59EFA69719CCB7E21 /* Pods-PruebaBancom.debug.xcconfig */;
			buildSettings = {
				ASSETCATALOG_COMPILER_APPICON_NAME = AppIcon;
				ASSETCATALOG_COMPILER_GLOBAL_ACCENT_COLOR_NAME = AccentColor;
				CODE_SIGN_STYLE = Automatic;
				CURRENT_PROJECT_VERSION = 1;
				DEVELOPMENT_TEAM = 7RRD9A765A;
				GENERATE_INFOPLIST_FILE = YES;
				INFOPLIST_FILE = PruebaBancom/Info.plist;
				INFOPLIST_KEY_UIApplicationSupportsIndirectInputEvents = YES;
				INFOPLIST_KEY_UILaunchStoryboardName = " ";
				INFOPLIST_KEY_UISupportedInterfaceOrientations_iPad = "UIInterfaceOrientationPortrait UIInterfaceOrientationPortraitUpsideDown UIInterfaceOrientationLandscapeLeft UIInterfaceOrientationLandscapeRight";
				INFOPLIST_KEY_UISupportedInterfaceOrientations_iPhone = "UIInterfaceOrientationPortrait UIInterfaceOrientationLandscapeLeft UIInterfaceOrientationLandscapeRight";
				IPHONEOS_DEPLOYMENT_TARGET = 13.0;
				LD_RUNPATH_SEARCH_PATHS = (
					"$(inherited)",
					"@executable_path/Frameworks",
				);
				MARKETING_VERSION = 1.0;
				PRODUCT_BUNDLE_IDENTIFIER = com.jhonatan.PruebaBancom;
				PRODUCT_NAME = "$(TARGET_NAME)";
				SWIFT_EMIT_LOC_STRINGS = YES;
				SWIFT_VERSION = 5.0;
				TARGETED_DEVICE_FAMILY = "1,2";
			};
			name = Debug;
		};
		0313F78C2AF9D6C600AD9484 /* Release */ = {
			isa = XCBuildConfiguration;
			baseConfigurationReference = A768FCFED31DB49651815397 /* Pods-PruebaBancom.release.xcconfig */;
			buildSettings = {
				ASSETCATALOG_COMPILER_APPICON_NAME = AppIcon;
				ASSETCATALOG_COMPILER_GLOBAL_ACCENT_COLOR_NAME = AccentColor;
				CODE_SIGN_STYLE = Automatic;
				CURRENT_PROJECT_VERSION = 1;
				DEVELOPMENT_TEAM = 7RRD9A765A;
				GENERATE_INFOPLIST_FILE = YES;
				INFOPLIST_FILE = PruebaBancom/Info.plist;
				INFOPLIST_KEY_UIApplicationSupportsIndirectInputEvents = YES;
				INFOPLIST_KEY_UILaunchStoryboardName = " ";
				INFOPLIST_KEY_UISupportedInterfaceOrientations_iPad = "UIInterfaceOrientationPortrait UIInterfaceOrientationPortraitUpsideDown UIInterfaceOrientationLandscapeLeft UIInterfaceOrientationLandscapeRight";
				INFOPLIST_KEY_UISupportedInterfaceOrientations_iPhone = "UIInterfaceOrientationPortrait UIInterfaceOrientationLandscapeLeft UIInterfaceOrientationLandscapeRight";
				IPHONEOS_DEPLOYMENT_TARGET = 13.0;
				LD_RUNPATH_SEARCH_PATHS = (
					"$(inherited)",
					"@executable_path/Frameworks",
				);
				MARKETING_VERSION = 1.0;
				PRODUCT_BUNDLE_IDENTIFIER = com.jhonatan.PruebaBancom;
				PRODUCT_NAME = "$(TARGET_NAME)";
				SWIFT_EMIT_LOC_STRINGS = YES;
				SWIFT_VERSION = 5.0;
				TARGETED_DEVICE_FAMILY = "1,2";
			};
			name = Release;
		};
		0313F78E2AF9D6C600AD9484 /* Debug */ = {
			isa = XCBuildConfiguration;
			baseConfigurationReference = 5B29F5C793BBFA8F6ADEAA80 /* Pods-PruebaBancomTests.debug.xcconfig */;
			buildSettings = {
				ALWAYS_EMBED_SWIFT_STANDARD_LIBRARIES = YES;
				BUNDLE_LOADER = "$(TEST_HOST)";
				CODE_SIGN_STYLE = Automatic;
				CURRENT_PROJECT_VERSION = 1;
				DEVELOPMENT_TEAM = 7RRD9A765A;
				GENERATE_INFOPLIST_FILE = YES;
				IPHONEOS_DEPLOYMENT_TARGET = 13.0;
				MARKETING_VERSION = 1.0;
				PRODUCT_BUNDLE_IDENTIFIER = com.jhonatan.PruebaBancomTests;
				PRODUCT_NAME = "$(TARGET_NAME)";
				SWIFT_EMIT_LOC_STRINGS = NO;
				SWIFT_VERSION = 5.0;
				TARGETED_DEVICE_FAMILY = "1,2";
				TEST_HOST = "$(BUILT_PRODUCTS_DIR)/PruebaBancom.app/$(BUNDLE_EXECUTABLE_FOLDER_PATH)/PruebaBancom";
			};
			name = Debug;
		};
		0313F78F2AF9D6C600AD9484 /* Release */ = {
			isa = XCBuildConfiguration;
			baseConfigurationReference = 0F775F19731CF873882FB884 /* Pods-PruebaBancomTests.release.xcconfig */;
			buildSettings = {
				ALWAYS_EMBED_SWIFT_STANDARD_LIBRARIES = YES;
				BUNDLE_LOADER = "$(TEST_HOST)";
				CODE_SIGN_STYLE = Automatic;
				CURRENT_PROJECT_VERSION = 1;
				DEVELOPMENT_TEAM = 7RRD9A765A;
				GENERATE_INFOPLIST_FILE = YES;
				IPHONEOS_DEPLOYMENT_TARGET = 13.0;
				MARKETING_VERSION = 1.0;
				PRODUCT_BUNDLE_IDENTIFIER = com.jhonatan.PruebaBancomTests;
				PRODUCT_NAME = "$(TARGET_NAME)";
				SWIFT_EMIT_LOC_STRINGS = NO;
				SWIFT_VERSION = 5.0;
				TARGETED_DEVICE_FAMILY = "1,2";
				TEST_HOST = "$(BUILT_PRODUCTS_DIR)/PruebaBancom.app/$(BUNDLE_EXECUTABLE_FOLDER_PATH)/PruebaBancom";
			};
			name = Release;
		};
/* End XCBuildConfiguration section */

/* Begin XCConfigurationList section */
		0313F75B2AF9D6C400AD9484 /* Build configuration list for PBXProject "PruebaBancom" */ = {
			isa = XCConfigurationList;
			buildConfigurations = (
				0313F7882AF9D6C600AD9484 /* Debug */,
				0313F7892AF9D6C600AD9484 /* Release */,
			);
			defaultConfigurationIsVisible = 0;
			defaultConfigurationName = Release;
		};
		0313F78A2AF9D6C600AD9484 /* Build configuration list for PBXNativeTarget "PruebaBancom" */ = {
			isa = XCConfigurationList;
			buildConfigurations = (
				0313F78B2AF9D6C600AD9484 /* Debug */,
				0313F78C2AF9D6C600AD9484 /* Release */,
			);
			defaultConfigurationIsVisible = 0;
			defaultConfigurationName = Release;
		};
		0313F78D2AF9D6C600AD9484 /* Build configuration list for PBXNativeTarget "PruebaBancomTests" */ = {
			isa = XCConfigurationList;
			buildConfigurations = (
				0313F78E2AF9D6C600AD9484 /* Debug */,
				0313F78F2AF9D6C600AD9484 /* Release */,
			);
			defaultConfigurationIsVisible = 0;
			defaultConfigurationName = Release;
		};
/* End XCConfigurationList section */

/* Begin XCVersionGroup section */
		037EB5C92AFC3CFA006E8FA5 /* Model.xcdatamodeld */ = {
			isa = XCVersionGroup;
			children = (
				037EB5CA2AFC3CFA006E8FA5 /* Model.xcdatamodel */,
			);
			currentVersion = 037EB5CA2AFC3CFA006E8FA5 /* Model.xcdatamodel */;
			path = Model.xcdatamodeld;
			sourceTree = "<group>";
			versionGroupType = wrapper.xcdatamodel;
		};
/* End XCVersionGroup section */
	};
	rootObject = 0313F7582AF9D6C400AD9484 /* Project object */;
}
